
Microsoft Visual Studio Solution File, Format Version 12.00
# Visual Studio Version 17
VisualStudioVersion = 17.12.35707.178 d17.12
MinimumVisualStudioVersion = 10.0.40219.1
Project("{FAE04EC0-301F-11D3-BF4B-00C04F79EFBC}") = "WEBPEROJEM", "WEBPEROJEM\WEBPEROJEM.csproj", "{02C193C6-79D6-468D-8D45-B7F94DF87D43}"
EndProject
Global
	GlobalSection(SolutionConfigurationPlatforms) = preSolution
		Debug|Any CPU = Debug|Any CPU
		Release|Any CPU = Release|Any CPU
	EndGlobalSection
	GlobalSection(ProjectConfigurationPlatforms) = postSolution
		{02C193C6-79D6-468D-8D45-B7F94DF87D43}.Debug|Any CPU.ActiveCfg = Debug|Any CPU
		{02C193C6-79D6-468D-8D45-B7F94DF87D43}.Debug|Any CPU.Build.0 = Debug|Any CPU
		{02C193C6-79D6-468D-8D45-B7F94DF87D43}.Release|Any CPU.ActiveCfg = Release|Any CPU
		{02C193C6-79D6-468D-8D45-B7F94DF87D43}.Release|Any CPU.Build.0 = Release|Any CPU
	EndGlobalSection
	GlobalSection(SolutionProperties) = preSolution
		HideSolutionNode = FALSE
	EndGlobalSection
EndGlobal
